
Microsoft Visual Studio Solution File, Format Version 12.00
# Visual Studio Version 16
VisualStudioVersion = 16.0.34031.81
MinimumVisualStudioVersion = 10.0.40219.1
Project("{2150E333-8FDC-42A3-9474-1A3956D46DE8}") = "Task0", "Task0", "{DA414A56-16CF-481B-959C-21C2D547133E}"
EndProject
Project("{FAE04EC0-301F-11D3-BF4B-00C04F79EFBC}") = "Tyuiu.ShustovTS.Sprint0.Task0.V0", "Tyuiu.ShustovTS.Sprint0.Task0.V0\Tyuiu.ShustovTS.Sprint0.Task0.V0.csproj", "{767C04C4-F37B-4C4A-8F56-DB847E2EF0BB}"
EndProject
Project("{2150E333-8FDC-42A3-9474-1A3956D46DE8}") = "Task1", "Task1", "{2FD0A44C-0051-4E8F-BF02-31679C076E98}"
EndProject
Project("{2150E333-8FDC-42A3-9474-1A3956D46DE8}") = "Task2", "Task2", "{E68A6D2D-77FA-432F-A8F6-3935E0622B9B}"
EndProject
Project("{FAE04EC0-301F-11D3-BF4B-00C04F79EFBC}") = "Tyuiu.ShustovTS.Sprint0.Task2.V0", "Tyuiu.ShustovTS.Sprint0.Task2.V0\Tyuiu.ShustovTS.Sprint0.Task2.V0.csproj", "{742EBEC0-20B7-4AB8-8BC7-F705C460E262}"
EndProject
Project("{FAE04EC0-301F-11D3-BF4B-00C04F79EFBC}") = "Tyuiu.ShustovTS.Sprint0.Task2.V0.Lib", "Tyuiu.ShustovTS.Sprint0.Task2.V0.Lib\Tyuiu.ShustovTS.Sprint0.Task2.V0.Lib.csproj", "{6209144E-333D-4E70-B62F-6415B2FA0EC9}"
EndProject
Project("{FAE04EC0-301F-11D3-BF4B-00C04F79EFBC}") = "Tyuiu.ShustovTS.Sprint0.Task2.V0.Test", "Tyuiu.ShustovTS.Sprint0.Task2.V0.Test\Tyuiu.ShustovTS.Sprint0.Task2.V0.Test.csproj", "{EE492564-D7F4-48A2-A563-6808534249B0}"
EndProject
Project("{FAE04EC0-301F-11D3-BF4B-00C04F79EFBC}") = "Tyuiu.ShustovTS.Sprint0.Task1.V0", "Tyuiu.ShustovTS.Sprint0.Task1.V0\Tyuiu.ShustovTS.Sprint0.Task1.V0.csproj", "{CBA36ED9-6749-4C40-84F6-90F7D87735D1}"
EndProject
Project("{2150E333-8FDC-42A3-9474-1A3956D46DE8}") = "Task3", "Task3", "{A6E25CE9-6865-428D-820D-45C08338A475}"
EndProject
Project("{2150E333-8FDC-42A3-9474-1A3956D46DE8}") = "Task4", "Task4", "{2384D946-25D6-4042-8D17-4BF3538BD880}"
EndProject
Project("{2150E333-8FDC-42A3-9474-1A3956D46DE8}") = "Task5", "Task5", "{2B482E83-2F36-407E-AD8A-741F48CB6275}"
EndProject
Project("{2150E333-8FDC-42A3-9474-1A3956D46DE8}") = "Task6", "Task6", "{9CF77287-0AE6-4D88-9764-03B1A964D182}"
EndProject
Project("{2150E333-8FDC-42A3-9474-1A3956D46DE8}") = "Task7", "Task7", "{77D1B9D4-492E-4C56-81AB-5BCB2ED71CD7}"
EndProject
Project("{FAE04EC0-301F-11D3-BF4B-00C04F79EFBC}") = "Tyuiu.ShustovTS.Sprint0.Task3.V0", "Tyuiu.ShustovTS.Sprint0.Task3.V0\Tyuiu.ShustovTS.Sprint0.Task3.V0.csproj", "{8918A2EE-B313-4EC8-8C7A-1942C68EA3A8}"
EndProject
Project("{FAE04EC0-301F-11D3-BF4B-00C04F79EFBC}") = "Tyuiu.ShustovTS.Sprint0.Task3.V0.Lib", "Tyuiu.ShustovTS.Sprint0.Task3.V0.Lib\Tyuiu.ShustovTS.Sprint0.Task3.V0.Lib.csproj", "{AA7B632B-90B3-4D04-8648-3CA15452D95A}"
EndProject
Project("{FAE04EC0-301F-11D3-BF4B-00C04F79EFBC}") = "Tyuiu.ShustovTS.Sprint0.Task4.V0", "Tyuiu.ShustovTS.Sprint0.Task4.V0\Tyuiu.ShustovTS.Sprint0.Task4.V0.csproj", "{EEFFE193-D35B-4DF4-92EC-2B7B4B9BCF10}"
EndProject
Project("{FAE04EC0-301F-11D3-BF4B-00C04F79EFBC}") = "Tyuiu.ShustovTS.Sprint0.Task4.V0.Lib", "Tyuiu.ShustovTS.Sprint0.Task4.V0.Lib\Tyuiu.ShustovTS.Sprint0.Task4.V0.Lib.csproj", "{CFC079AB-D5A3-4EE0-845A-6DCB349A1689}"
EndProject
Project("{FAE04EC0-301F-11D3-BF4B-00C04F79EFBC}") = "Tyuiu.ShustovTS.Sprint0.Task4.V0.Test", "Tyuiu.ShustovTS.Sprint0.Task4.V0.Test\Tyuiu.ShustovTS.Sprint0.Task4.V0.Test.csproj", "{C1542F34-2817-42AB-ADC2-E3ED484026CF}"
EndProject
Project("{FAE04EC0-301F-11D3-BF4B-00C04F79EFBC}") = "Tyuiu.ShustovTS.Sprint0.Task5.V0", "..\Tyuiu.ShustovTS.Sprint0.Task5.V0\Tyuiu.ShustovTS.Sprint0.Task5.V0.csproj", "{01DC287F-87F8-4709-94C0-C187BB63548F}"
EndProject
Project("{FAE04EC0-301F-11D3-BF4B-00C04F79EFBC}") = "Tyuiu.ShustovTS.Sprint0.Task5.V0.Lib", "Tyuiu.ShustovTS.Sprint0.Task5.V0.Lib\Tyuiu.ShustovTS.Sprint0.Task5.V0.Lib.csproj", "{8F175273-6F64-4549-B4EE-7FBCD8E9B467}"
EndProject
Project("{FAE04EC0-301F-11D3-BF4B-00C04F79EFBC}") = "Tyuiu.ShustovTS.Sprint0.Task5.V0.Test", "Tyuiu.ShustovTS.Sprint0.Task5.V0.Test\Tyuiu.ShustovTS.Sprint0.Task5.V0.Test.csproj", "{2EE1ECDF-AF35-49C1-A295-81E0A9917104}"
EndProject
Project("{FAE04EC0-301F-11D3-BF4B-00C04F79EFBC}") = "Tyuiu.ShustovTS.Sprint0.Task6.V0", "Tyuiu.ShustovTS.Sprint0.Task6.V0.\Tyuiu.ShustovTS.Sprint0.Task6.V0.csproj", "{7C0E5D01-2036-43A2-B21D-BE08BA846A2D}"
EndProject
Project("{FAE04EC0-301F-11D3-BF4B-00C04F79EFBC}") = "Tyuiu.ShustovTS.Sprint0.Task6.V0.Lib", "Tyuiu.ShustovTS.Sprint0.Task6.V0.Lib\Tyuiu.ShustovTS.Sprint0.Task6.V0.Lib.csproj", "{3F22F92B-B0AC-4696-A6C8-EBB781A68D78}"
EndProject
Project("{FAE04EC0-301F-11D3-BF4B-00C04F79EFBC}") = "Tyuiu.ShustovTS.Sprint0.Task6.V0.Test", "Tyuiu.ShustovTS.Sprint0.Task6.V0.Test\Tyuiu.ShustovTS.Sprint0.Task6.V0.Test.csproj", "{599FA598-3AC4-4AE8-B664-F8A28A5B0DAF}"
EndProject
Project("{FAE04EC0-301F-11D3-BF4B-00C04F79EFBC}") = "Tyuiu.ShustovTS.Sprint0.Task7.V0", "Tyuiu.ShustovTS.Sprint0.Task7.V0.\Tyuiu.ShustovTS.Sprint0.Task7.V0.csproj", "{3F72DD2C-8B3B-4278-AC2B-22B1A94C99EE}"
EndProject
Project("{FAE04EC0-301F-11D3-BF4B-00C04F79EFBC}") = "Tyuiu.ShustovTS.Sprint0.Task7.V0.Lib", "Tyuiu.ShustovTS.Sprint0.Task7.V0.Lib\Tyuiu.ShustovTS.Sprint0.Task7.V0.Lib.csproj", "{4D70AB4D-9545-4601-ACA8-B4FE4EDCCF1D}"
EndProject
Project("{FAE04EC0-301F-11D3-BF4B-00C04F79EFBC}") = "Tyuiu.ShustovTS.Sprint0.Task7.V0.Test", "Tyuiu.ShustovTS.Sprint0.Task7.V0.Test\Tyuiu.ShustovTS.Sprint0.Task7.V0.Test.csproj", "{99501737-B944-494D-902C-632EBF186EF9}"
EndProject
Project("{FAE04EC0-301F-11D3-BF4B-00C04F79EFBC}") = "Tyuiu.ShustovTS.Sprint0.Task3.V0.Test", "Tyuiu.ShustovTS.Sprint0.Task3.V0.Test\Tyuiu.ShustovTS.Sprint0.Task3.V0.Test.csproj", "{AE27162C-2620-454F-A622-B585303D56B7}"
EndProject
Global
	GlobalSection(SolutionConfigurationPlatforms) = preSolution
		Debug|Any CPU = Debug|Any CPU
		Release|Any CPU = Release|Any CPU
	EndGlobalSection
	GlobalSection(ProjectConfigurationPlatforms) = postSolution
		{767C04C4-F37B-4C4A-8F56-DB847E2EF0BB}.Debug|Any CPU.ActiveCfg = Debug|Any CPU
		{767C04C4-F37B-4C4A-8F56-DB847E2EF0BB}.Debug|Any CPU.Build.0 = Debug|Any CPU
		{767C04C4-F37B-4C4A-8F56-DB847E2EF0BB}.Release|Any CPU.ActiveCfg = Release|Any CPU
		{767C04C4-F37B-4C4A-8F56-DB847E2EF0BB}.Release|Any CPU.Build.0 = Release|Any CPU
		{742EBEC0-20B7-4AB8-8BC7-F705C460E262}.Debug|Any CPU.ActiveCfg = Debug|Any CPU
		{742EBEC0-20B7-4AB8-8BC7-F705C460E262}.Debug|Any CPU.Build.0 = Debug|Any CPU
		{742EBEC0-20B7-4AB8-8BC7-F705C460E262}.Release|Any CPU.ActiveCfg = Release|Any CPU
		{742EBEC0-20B7-4AB8-8BC7-F705C460E262}.Release|Any CPU.Build.0 = Release|Any CPU
		{6209144E-333D-4E70-B62F-6415B2FA0EC9}.Debug|Any CPU.ActiveCfg = Debug|Any CPU
		{6209144E-333D-4E70-B62F-6415B2FA0EC9}.Debug|Any CPU.Build.0 = Debug|Any CPU
		{6209144E-333D-4E70-B62F-6415B2FA0EC9}.Release|Any CPU.ActiveCfg = Release|Any CPU
		{6209144E-333D-4E70-B62F-6415B2FA0EC9}.Release|Any CPU.Build.0 = Release|Any CPU
		{EE492564-D7F4-48A2-A563-6808534249B0}.Debug|Any CPU.ActiveCfg = Debug|Any CPU
		{EE492564-D7F4-48A2-A563-6808534249B0}.Debug|Any CPU.Build.0 = Debug|Any CPU
		{EE492564-D7F4-48A2-A563-6808534249B0}.Release|Any CPU.ActiveCfg = Release|Any CPU
		{EE492564-D7F4-48A2-A563-6808534249B0}.Release|Any CPU.Build.0 = Release|Any CPU
		{CBA36ED9-6749-4C40-84F6-90F7D87735D1}.Debug|Any CPU.ActiveCfg = Debug|Any CPU
		{CBA36ED9-6749-4C40-84F6-90F7D87735D1}.Debug|Any CPU.Build.0 = Debug|Any CPU
		{CBA36ED9-6749-4C40-84F6-90F7D87735D1}.Release|Any CPU.ActiveCfg = Release|Any CPU
		{CBA36ED9-6749-4C40-84F6-90F7D87735D1}.Release|Any CPU.Build.0 = Release|Any CPU
		{8918A2EE-B313-4EC8-8C7A-1942C68EA3A8}.Debug|Any CPU.ActiveCfg = Debug|Any CPU
		{8918A2EE-B313-4EC8-8C7A-1942C68EA3A8}.Debug|Any CPU.Build.0 = Debug|Any CPU
		{8918A2EE-B313-4EC8-8C7A-1942C68EA3A8}.Release|Any CPU.ActiveCfg = Release|Any CPU
		{8918A2EE-B313-4EC8-8C7A-1942C68EA3A8}.Release|Any CPU.Build.0 = Release|Any CPU
		{AA7B632B-90B3-4D04-8648-3CA15452D95A}.Debug|Any CPU.ActiveCfg = Debug|Any CPU
		{AA7B632B-90B3-4D04-8648-3CA15452D95A}.Debug|Any CPU.Build.0 = Debug|Any CPU
		{AA7B632B-90B3-4D04-8648-3CA15452D95A}.Release|Any CPU.ActiveCfg = Release|Any CPU
		{AA7B632B-90B3-4D04-8648-3CA15452D95A}.Release|Any CPU.Build.0 = Release|Any CPU
		{EEFFE193-D35B-4DF4-92EC-2B7B4B9BCF10}.Debug|Any CPU.ActiveCfg = Debug|Any CPU
		{EEFFE193-D35B-4DF4-92EC-2B7B4B9BCF10}.Debug|Any CPU.Build.0 = Debug|Any CPU
		{EEFFE193-D35B-4DF4-92EC-2B7B4B9BCF10}.Release|Any CPU.ActiveCfg = Release|Any CPU
		{EEFFE193-D35B-4DF4-92EC-2B7B4B9BCF10}.Release|Any CPU.Build.0 = Release|Any CPU
		{CFC079AB-D5A3-4EE0-845A-6DCB349A1689}.Debug|Any CPU.ActiveCfg = Debug|Any CPU
		{CFC079AB-D5A3-4EE0-845A-6DCB349A1689}.Debug|Any CPU.Build.0 = Debug|Any CPU
		{CFC079AB-D5A3-4EE0-845A-6DCB349A1689}.Release|Any CPU.ActiveCfg = Release|Any CPU
		{CFC079AB-D5A3-4EE0-845A-6DCB349A1689}.Release|Any CPU.Build.0 = Release|Any CPU
		{C1542F34-2817-42AB-ADC2-E3ED484026CF}.Debug|Any CPU.ActiveCfg = Debug|Any CPU
		{C1542F34-2817-42AB-ADC2-E3ED484026CF}.Debug|Any CPU.Build.0 = Debug|Any CPU
		{C1542F34-2817-42AB-ADC2-E3ED484026CF}.Release|Any CPU.ActiveCfg = Release|Any CPU
		{C1542F34-2817-42AB-ADC2-E3ED484026CF}.Release|Any CPU.Build.0 = Release|Any CPU
		{01DC287F-87F8-4709-94C0-C187BB63548F}.Debug|Any CPU.ActiveCfg = Debug|Any CPU
		{01DC287F-87F8-4709-94C0-C187BB63548F}.Debug|Any CPU.Build.0 = Debug|Any CPU
		{01DC287F-87F8-4709-94C0-C187BB63548F}.Release|Any CPU.ActiveCfg = Release|Any CPU
		{01DC287F-87F8-4709-94C0-C187BB63548F}.Release|Any CPU.Build.0 = Release|Any CPU
		{8F175273-6F64-4549-B4EE-7FBCD8E9B467}.Debug|Any CPU.ActiveCfg = Debug|Any CPU
		{8F175273-6F64-4549-B4EE-7FBCD8E9B467}.Debug|Any CPU.Build.0 = Debug|Any CPU
		{8F175273-6F64-4549-B4EE-7FBCD8E9B467}.Release|Any CPU.ActiveCfg = Release|Any CPU
		{8F175273-6F64-4549-B4EE-7FBCD8E9B467}.Release|Any CPU.Build.0 = Release|Any CPU
		{2EE1ECDF-AF35-49C1-A295-81E0A9917104}.Debug|Any CPU.ActiveCfg = Debug|Any CPU
		{2EE1ECDF-AF35-49C1-A295-81E0A9917104}.Debug|Any CPU.Build.0 = Debug|Any CPU
		{2EE1ECDF-AF35-49C1-A295-81E0A9917104}.Release|Any CPU.ActiveCfg = Release|Any CPU
		{2EE1ECDF-AF35-49C1-A295-81E0A9917104}.Release|Any CPU.Build.0 = Release|Any CPU
		{7C0E5D01-2036-43A2-B21D-BE08BA846A2D}.Debug|Any CPU.ActiveCfg = Debug|Any CPU
		{7C0E5D01-2036-43A2-B21D-BE08BA846A2D}.Debug|Any CPU.Build.0 = Debug|Any CPU
		{7C0E5D01-2036-43A2-B21D-BE08BA846A2D}.Release|Any CPU.ActiveCfg = Release|Any CPU
		{7C0E5D01-2036-43A2-B21D-BE08BA846A2D}.Release|Any CPU.Build.0 = Release|Any CPU
		{3F22F92B-B0AC-4696-A6C8-EBB781A68D78}.Debug|Any CPU.ActiveCfg = Debug|Any CPU
		{3F22F92B-B0AC-4696-A6C8-EBB781A68D78}.Debug|Any CPU.Build.0 = Debug|Any CPU
		{3F22F92B-B0AC-4696-A6C8-EBB781A68D78}.Release|Any CPU.ActiveCfg = Release|Any CPU
		{3F22F92B-B0AC-4696-A6C8-EBB781A68D78}.Release|Any CPU.Build.0 = Release|Any CPU
		{599FA598-3AC4-4AE8-B664-F8A28A5B0DAF}.Debug|Any CPU.ActiveCfg = Debug|Any CPU
		{599FA598-3AC4-4AE8-B664-F8A28A5B0DAF}.Debug|Any CPU.Build.0 = Debug|Any CPU
		{599FA598-3AC4-4AE8-B664-F8A28A5B0DAF}.Release|Any CPU.ActiveCfg = Release|Any CPU
		{599FA598-3AC4-4AE8-B664-F8A28A5B0DAF}.Release|Any CPU.Build.0 = Release|Any CPU
		{3F72DD2C-8B3B-4278-AC2B-22B1A94C99EE}.Debug|Any CPU.ActiveCfg = Debug|Any CPU
		{3F72DD2C-8B3B-4278-AC2B-22B1A94C99EE}.Debug|Any CPU.Build.0 = Debug|Any CPU
		{3F72DD2C-8B3B-4278-AC2B-22B1A94C99EE}.Release|Any CPU.ActiveCfg = Release|Any CPU
		{3F72DD2C-8B3B-4278-AC2B-22B1A94C99EE}.Release|Any CPU.Build.0 = Release|Any CPU
		{4D70AB4D-9545-4601-ACA8-B4FE4EDCCF1D}.Debug|Any CPU.ActiveCfg = Debug|Any CPU
		{4D70AB4D-9545-4601-ACA8-B4FE4EDCCF1D}.Debug|Any CPU.Build.0 = Debug|Any CPU
		{4D70AB4D-9545-4601-ACA8-B4FE4EDCCF1D}.Release|Any CPU.ActiveCfg = Release|Any CPU
		{4D70AB4D-9545-4601-ACA8-B4FE4EDCCF1D}.Release|Any CPU.Build.0 = Release|Any CPU
		{99501737-B944-494D-902C-632EBF186EF9}.Debug|Any CPU.ActiveCfg = Debug|Any CPU
		{99501737-B944-494D-902C-632EBF186EF9}.Debug|Any CPU.Build.0 = Debug|Any CPU
		{99501737-B944-494D-902C-632EBF186EF9}.Release|Any CPU.ActiveCfg = Release|Any CPU
		{99501737-B944-494D-902C-632EBF186EF9}.Release|Any CPU.Build.0 = Release|Any CPU
		{AE27162C-2620-454F-A622-B585303D56B7}.Debug|Any CPU.ActiveCfg = Debug|Any CPU
		{AE27162C-2620-454F-A622-B585303D56B7}.Debug|Any CPU.Build.0 = Debug|Any CPU
		{AE27162C-2620-454F-A622-B585303D56B7}.Release|Any CPU.ActiveCfg = Release|Any CPU
		{AE27162C-2620-454F-A622-B585303D56B7}.Release|Any CPU.Build.0 = Release|Any CPU
	EndGlobalSection
	GlobalSection(SolutionProperties) = preSolution
		HideSolutionNode = FALSE
	EndGlobalSection
	GlobalSection(NestedProjects) = preSolution
		{767C04C4-F37B-4C4A-8F56-DB847E2EF0BB} = {DA414A56-16CF-481B-959C-21C2D547133E}
		{742EBEC0-20B7-4AB8-8BC7-F705C460E262} = {E68A6D2D-77FA-432F-A8F6-3935E0622B9B}
		{6209144E-333D-4E70-B62F-6415B2FA0EC9} = {E68A6D2D-77FA-432F-A8F6-3935E0622B9B}
		{EE492564-D7F4-48A2-A563-6808534249B0} = {E68A6D2D-77FA-432F-A8F6-3935E0622B9B}
		{CBA36ED9-6749-4C40-84F6-90F7D87735D1} = {2FD0A44C-0051-4E8F-BF02-31679C076E98}
		{8918A2EE-B313-4EC8-8C7A-1942C68EA3A8} = {A6E25CE9-6865-428D-820D-45C08338A475}
		{AA7B632B-90B3-4D04-8648-3CA15452D95A} = {A6E25CE9-6865-428D-820D-45C08338A475}
		{EEFFE193-D35B-4DF4-92EC-2B7B4B9BCF10} = {2384D946-25D6-4042-8D17-4BF3538BD880}
		{CFC079AB-D5A3-4EE0-845A-6DCB349A1689} = {2384D946-25D6-4042-8D17-4BF3538BD880}
		{C1542F34-2817-42AB-ADC2-E3ED484026CF} = {2384D946-25D6-4042-8D17-4BF3538BD880}
		{01DC287F-87F8-4709-94C0-C187BB63548F} = {2B482E83-2F36-407E-AD8A-741F48CB6275}
		{8F175273-6F64-4549-B4EE-7FBCD8E9B467} = {2B482E83-2F36-407E-AD8A-741F48CB6275}
		{2EE1ECDF-AF35-49C1-A295-81E0A9917104} = {2B482E83-2F36-407E-AD8A-741F48CB6275}
		{7C0E5D01-2036-43A2-B21D-BE08BA846A2D} = {9CF77287-0AE6-4D88-9764-03B1A964D182}
		{3F22F92B-B0AC-4696-A6C8-EBB781A68D78} = {9CF77287-0AE6-4D88-9764-03B1A964D182}
		{599FA598-3AC4-4AE8-B664-F8A28A5B0DAF} = {9CF77287-0AE6-4D88-9764-03B1A964D182}
		{3F72DD2C-8B3B-4278-AC2B-22B1A94C99EE} = {77D1B9D4-492E-4C56-81AB-5BCB2ED71CD7}
		{4D70AB4D-9545-4601-ACA8-B4FE4EDCCF1D} = {77D1B9D4-492E-4C56-81AB-5BCB2ED71CD7}
		{99501737-B944-494D-902C-632EBF186EF9} = {77D1B9D4-492E-4C56-81AB-5BCB2ED71CD7}
		{AE27162C-2620-454F-A622-B585303D56B7} = {A6E25CE9-6865-428D-820D-45C08338A475}
	EndGlobalSection
	GlobalSection(ExtensibilityGlobals) = postSolution
		SolutionGuid = {9515451E-5BA0-4FBA-96CD-01F5D9092E70}
	EndGlobalSection
EndGlobal
